
Microsoft Visual Studio Solution File, Format Version 12.00
# Visual Studio 2012
Project("{FAE04EC0-301F-11D3-BF4B-00C04F79EFBC}") = "GISData", "GISData\GISData.csproj", "{008BD655-D0F1-47C5-A6F3-971DA2668AF9}"
EndProject
Project("{E729F059-12D4-455F-A2A4-FDA8DD25E08A}") = "验收平台", "..\部署文件\验收平台\验收平台.isproj", "{B147105F-59F4-44A4-8206-2EFFD14B23E8}"
	ProjectSection(ProjectDependencies) = postProject
		{008BD655-D0F1-47C5-A6F3-971DA2668AF9} = {008BD655-D0F1-47C5-A6F3-971DA2668AF9}
	EndProjectSection
EndProject
Global
	GlobalSection(SolutionConfigurationPlatforms) = preSolution
		CD_ROM|Any CPU = CD_ROM|Any CPU
		Debug|Any CPU = Debug|Any CPU
		DVD-5|Any CPU = DVD-5|Any CPU
		Release|Any CPU = Release|Any CPU
		SingleImage|Any CPU = SingleImage|Any CPU
	EndGlobalSection
	GlobalSection(ProjectConfigurationPlatforms) = postSolution
		{008BD655-D0F1-47C5-A6F3-971DA2668AF9}.CD_ROM|Any CPU.ActiveCfg = Release|Any CPU
		{008BD655-D0F1-47C5-A6F3-971DA2668AF9}.CD_ROM|Any CPU.Build.0 = Release|Any CPU
		{008BD655-D0F1-47C5-A6F3-971DA2668AF9}.Debug|Any CPU.ActiveCfg = Debug|Any CPU
		{008BD655-D0F1-47C5-A6F3-971DA2668AF9}.Debug|Any CPU.Build.0 = Debug|Any CPU
		{008BD655-D0F1-47C5-A6F3-971DA2668AF9}.DVD-5|Any CPU.ActiveCfg = Debug|Any CPU
		{008BD655-D0F1-47C5-A6F3-971DA2668AF9}.DVD-5|Any CPU.Build.0 = Debug|Any CPU
		{008BD655-D0F1-47C5-A6F3-971DA2668AF9}.Release|Any CPU.ActiveCfg = Release|Any CPU
		{008BD655-D0F1-47C5-A6F3-971DA2668AF9}.Release|Any CPU.Build.0 = Release|Any CPU
		{008BD655-D0F1-47C5-A6F3-971DA2668AF9}.SingleImage|Any CPU.ActiveCfg = Release|Any CPU
		{008BD655-D0F1-47C5-A6F3-971DA2668AF9}.SingleImage|Any CPU.Build.0 = Release|Any CPU
		{B147105F-59F4-44A4-8206-2EFFD14B23E8}.CD_ROM|Any CPU.ActiveCfg = Release
		{B147105F-59F4-44A4-8206-2EFFD14B23E8}.CD_ROM|Any CPU.Build.0 = Release
		{B147105F-59F4-44A4-8206-2EFFD14B23E8}.Debug|Any CPU.ActiveCfg = Debug
		{B147105F-59F4-44A4-8206-2EFFD14B23E8}.Debug|Any CPU.Build.0 = Debug
		{B147105F-59F4-44A4-8206-2EFFD14B23E8}.DVD-5|Any CPU.ActiveCfg = Debug
		{B147105F-59F4-44A4-8206-2EFFD14B23E8}.DVD-5|Any CPU.Build.0 = Debug
		{B147105F-59F4-44A4-8206-2EFFD14B23E8}.Release|Any CPU.ActiveCfg = Release
		{B147105F-59F4-44A4-8206-2EFFD14B23E8}.Release|Any CPU.Build.0 = Release
		{B147105F-59F4-44A4-8206-2EFFD14B23E8}.SingleImage|Any CPU.ActiveCfg = Release
		{B147105F-59F4-44A4-8206-2EFFD14B23E8}.SingleImage|Any CPU.Build.0 = Release
	EndGlobalSection
	GlobalSection(SolutionProperties) = preSolution
		HideSolutionNode = FALSE
	EndGlobalSection
EndGlobal
